
Microsoft Visual Studio Solution File, Format Version 12.00
# Visual Studio Version 17
VisualStudioVersion = 17.10.35004.147
MinimumVisualStudioVersion = 10.0.40219.1
Project("{FAE04EC0-301F-11D3-BF4B-00C04F79EFBC}") = "palindromeNumber", "palindromeNumber\palindromeNumber.csproj", "{7C3AE16F-713C-4D8F-BCC2-798471F909D3}"
EndProject
Global
	GlobalSection(SolutionConfigurationPlatforms) = preSolution
		Debug|Any CPU = Debug|Any CPU
		Release|Any CPU = Release|Any CPU
	EndGlobalSection
	GlobalSection(ProjectConfigurationPlatforms) = postSolution
		{7C3AE16F-713C-4D8F-BCC2-798471F909D3}.Debug|Any CPU.ActiveCfg = Debug|Any CPU
		{7C3AE16F-713C-4D8F-BCC2-798471F909D3}.Debug|Any CPU.Build.0 = Debug|Any CPU
		{7C3AE16F-713C-4D8F-BCC2-798471F909D3}.Release|Any CPU.ActiveCfg = Release|Any CPU
		{7C3AE16F-713C-4D8F-BCC2-798471F909D3}.Release|Any CPU.Build.0 = Release|Any CPU
	EndGlobalSection
	GlobalSection(SolutionProperties) = preSolution
		HideSolutionNode = FALSE
	EndGlobalSection
	GlobalSection(ExtensibilityGlobals) = postSolution
		SolutionGuid = {53557B49-4C20-4BD7-9ECD-BB83BE5FD542}
	EndGlobalSection
EndGlobal
